
Microsoft Visual Studio Solution File, Format Version 12.00
# Visual Studio Version 16
VisualStudioVersion = 16.0.31321.278
MinimumVisualStudioVersion = 10.0.40219.1
Project("{FAE04EC0-301F-11D3-BF4B-00C04F79EFBC}") = "Secao5_POO_Final", "Secao5_POO_Final\Secao5_POO_Final.csproj", "{47DE4AEF-E7B4-4919-93CB-0F288DD7826E}"
EndProject
Global
	GlobalSection(SolutionConfigurationPlatforms) = preSolution
		Debug|Any CPU = Debug|Any CPU
		Release|Any CPU = Release|Any CPU
	EndGlobalSection
	GlobalSection(ProjectConfigurationPlatforms) = postSolution
		{47DE4AEF-E7B4-4919-93CB-0F288DD7826E}.Debug|Any CPU.ActiveCfg = Debug|Any CPU
		{47DE4AEF-E7B4-4919-93CB-0F288DD7826E}.Debug|Any CPU.Build.0 = Debug|Any CPU
		{47DE4AEF-E7B4-4919-93CB-0F288DD7826E}.Release|Any CPU.ActiveCfg = Release|Any CPU
		{47DE4AEF-E7B4-4919-93CB-0F288DD7826E}.Release|Any CPU.Build.0 = Release|Any CPU
	EndGlobalSection
	GlobalSection(SolutionProperties) = preSolution
		HideSolutionNode = FALSE
	EndGlobalSection
	GlobalSection(ExtensibilityGlobals) = postSolution
		SolutionGuid = {7E03D8C9-2D0A-4861-B6C7-CF3E0F875F35}
	EndGlobalSection
EndGlobal
