
Microsoft Visual Studio Solution File, Format Version 12.00
# Visual Studio Version 16
VisualStudioVersion = 16.0.31321.278
MinimumVisualStudioVersion = 10.0.40219.1
Project("{FAE04EC0-301F-11D3-BF4B-00C04F79EFBC}") = "Quinto_For", "Quinto_For\Quinto_For.csproj", "{2653F427-3EEA-4534-A4D7-32E0FE2996A0}"
EndProject
Global
	GlobalSection(SolutionConfigurationPlatforms) = preSolution
		Debug|Any CPU = Debug|Any CPU
		Release|Any CPU = Release|Any CPU
	EndGlobalSection
	GlobalSection(ProjectConfigurationPlatforms) = postSolution
		{2653F427-3EEA-4534-A4D7-32E0FE2996A0}.Debug|Any CPU.ActiveCfg = Debug|Any CPU
		{2653F427-3EEA-4534-A4D7-32E0FE2996A0}.Debug|Any CPU.Build.0 = Debug|Any CPU
		{2653F427-3EEA-4534-A4D7-32E0FE2996A0}.Release|Any CPU.ActiveCfg = Release|Any CPU
		{2653F427-3EEA-4534-A4D7-32E0FE2996A0}.Release|Any CPU.Build.0 = Release|Any CPU
	EndGlobalSection
	GlobalSection(SolutionProperties) = preSolution
		HideSolutionNode = FALSE
	EndGlobalSection
	GlobalSection(ExtensibilityGlobals) = postSolution
		SolutionGuid = {F9C100A5-4B5B-4BA5-AD01-ADD9CE39FFF1}
	EndGlobalSection
EndGlobal
