
Microsoft Visual Studio Solution File, Format Version 12.00
# Visual Studio Version 16
VisualStudioVersion = 16.0.31321.278
MinimumVisualStudioVersion = 10.0.40219.1
Project("{FAE04EC0-301F-11D3-BF4B-00C04F79EFBC}") = "Matriz", "Matriz\Matriz.csproj", "{CE011885-89AE-4115-9377-B45E9278BD8B}"
EndProject
Global
	GlobalSection(SolutionConfigurationPlatforms) = preSolution
		Debug|Any CPU = Debug|Any CPU
		Release|Any CPU = Release|Any CPU
	EndGlobalSection
	GlobalSection(ProjectConfigurationPlatforms) = postSolution
		{CE011885-89AE-4115-9377-B45E9278BD8B}.Debug|Any CPU.ActiveCfg = Debug|Any CPU
		{CE011885-89AE-4115-9377-B45E9278BD8B}.Debug|Any CPU.Build.0 = Debug|Any CPU
		{CE011885-89AE-4115-9377-B45E9278BD8B}.Release|Any CPU.ActiveCfg = Release|Any CPU
		{CE011885-89AE-4115-9377-B45E9278BD8B}.Release|Any CPU.Build.0 = Release|Any CPU
	EndGlobalSection
	GlobalSection(SolutionProperties) = preSolution
		HideSolutionNode = FALSE
	EndGlobalSection
	GlobalSection(ExtensibilityGlobals) = postSolution
		SolutionGuid = {78050849-F994-4C33-A975-151FDAE36284}
	EndGlobalSection
EndGlobal
