
Microsoft Visual Studio Solution File, Format Version 12.00
# Visual Studio Version 16
VisualStudioVersion = 16.0.31321.278
MinimumVisualStudioVersion = 10.0.40219.1
Project("{FAE04EC0-301F-11D3-BF4B-00C04F79EFBC}") = "Enum", "Enum\Enum.csproj", "{817C9C16-9121-47E3-94A2-3649D6CCBA6F}"
EndProject
Global
	GlobalSection(SolutionConfigurationPlatforms) = preSolution
		Debug|Any CPU = Debug|Any CPU
		Release|Any CPU = Release|Any CPU
	EndGlobalSection
	GlobalSection(ProjectConfigurationPlatforms) = postSolution
		{817C9C16-9121-47E3-94A2-3649D6CCBA6F}.Debug|Any CPU.ActiveCfg = Debug|Any CPU
		{817C9C16-9121-47E3-94A2-3649D6CCBA6F}.Debug|Any CPU.Build.0 = Debug|Any CPU
		{817C9C16-9121-47E3-94A2-3649D6CCBA6F}.Release|Any CPU.ActiveCfg = Release|Any CPU
		{817C9C16-9121-47E3-94A2-3649D6CCBA6F}.Release|Any CPU.Build.0 = Release|Any CPU
	EndGlobalSection
	GlobalSection(SolutionProperties) = preSolution
		HideSolutionNode = FALSE
	EndGlobalSection
	GlobalSection(ExtensibilityGlobals) = postSolution
		SolutionGuid = {D4AFB1A1-4E06-41C3-8037-87DA7A7B60DB}
	EndGlobalSection
EndGlobal
